
Microsoft Visual Studio Solution File, Format Version 12.00
# Visual Studio 2013
VisualStudioVersion = 12.0.21005.1
MinimumVisualStudioVersion = 10.0.40219.1
Project("{FAE04EC0-301F-11D3-BF4B-00C04F79EFBC}") = "Singleton", "Singleton\Singleton.csproj", "{9089BC29-41D5-4BC9-9B71-3EC4941B6981}"
EndProject
Project("{FAE04EC0-301F-11D3-BF4B-00C04F79EFBC}") = "FactoryMethod", "FactoryMethod\FactoryMethod.csproj", "{7DD18A2B-8CA1-4592-83DA-6123BD0E182E}"
EndProject
Project("{FAE04EC0-301F-11D3-BF4B-00C04F79EFBC}") = "AbstractFactory", "AbstractFactory\AbstractFactory.csproj", "{A8C09227-AE46-4E09-8AAE-F79AC1F64AE5}"
EndProject
Global
	GlobalSection(SolutionConfigurationPlatforms) = preSolution
		Debug|Any CPU = Debug|Any CPU
		Release|Any CPU = Release|Any CPU
	EndGlobalSection
	GlobalSection(ProjectConfigurationPlatforms) = postSolution
		{9089BC29-41D5-4BC9-9B71-3EC4941B6981}.Debug|Any CPU.ActiveCfg = Debug|Any CPU
		{9089BC29-41D5-4BC9-9B71-3EC4941B6981}.Debug|Any CPU.Build.0 = Debug|Any CPU
		{9089BC29-41D5-4BC9-9B71-3EC4941B6981}.Release|Any CPU.ActiveCfg = Release|Any CPU
		{9089BC29-41D5-4BC9-9B71-3EC4941B6981}.Release|Any CPU.Build.0 = Release|Any CPU
		{7DD18A2B-8CA1-4592-83DA-6123BD0E182E}.Debug|Any CPU.ActiveCfg = Debug|Any CPU
		{7DD18A2B-8CA1-4592-83DA-6123BD0E182E}.Debug|Any CPU.Build.0 = Debug|Any CPU
		{7DD18A2B-8CA1-4592-83DA-6123BD0E182E}.Release|Any CPU.ActiveCfg = Release|Any CPU
		{7DD18A2B-8CA1-4592-83DA-6123BD0E182E}.Release|Any CPU.Build.0 = Release|Any CPU
		{A8C09227-AE46-4E09-8AAE-F79AC1F64AE5}.Debug|Any CPU.ActiveCfg = Debug|Any CPU
		{A8C09227-AE46-4E09-8AAE-F79AC1F64AE5}.Debug|Any CPU.Build.0 = Debug|Any CPU
		{A8C09227-AE46-4E09-8AAE-F79AC1F64AE5}.Release|Any CPU.ActiveCfg = Release|Any CPU
		{A8C09227-AE46-4E09-8AAE-F79AC1F64AE5}.Release|Any CPU.Build.0 = Release|Any CPU
	EndGlobalSection
	GlobalSection(SolutionProperties) = preSolution
		HideSolutionNode = FALSE
	EndGlobalSection
EndGlobal
